
Microsoft Visual Studio Solution File, Format Version 12.00
# Visual Studio Version 17
VisualStudioVersion = 17.8.34322.80
MinimumVisualStudioVersion = 10.0.40219.1
Project("{FAE04EC0-301F-11D3-BF4B-00C04F79EFBC}") = "Income & Expense Tracker", "Income & Expense Tracker\Income & Expense Tracker.csproj", "{F982D439-E7CA-4EE5-926A-BFC9C4FFB219}"
EndProject
Global
	GlobalSection(SolutionConfigurationPlatforms) = preSolution
		Debug|Any CPU = Debug|Any CPU
		Release|Any CPU = Release|Any CPU
	EndGlobalSection
	GlobalSection(ProjectConfigurationPlatforms) = postSolution
		{F982D439-E7CA-4EE5-926A-BFC9C4FFB219}.Debug|Any CPU.ActiveCfg = Debug|Any CPU
		{F982D439-E7CA-4EE5-926A-BFC9C4FFB219}.Debug|Any CPU.Build.0 = Debug|Any CPU
		{F982D439-E7CA-4EE5-926A-BFC9C4FFB219}.Release|Any CPU.ActiveCfg = Release|Any CPU
		{F982D439-E7CA-4EE5-926A-BFC9C4FFB219}.Release|Any CPU.Build.0 = Release|Any CPU
	EndGlobalSection
	GlobalSection(SolutionProperties) = preSolution
		HideSolutionNode = FALSE
	EndGlobalSection
	GlobalSection(ExtensibilityGlobals) = postSolution
		SolutionGuid = {9793E115-DF3E-4D46-A26E-CDF91629CAD9}
	EndGlobalSection
EndGlobal
